PODS:
  - Aspects (1.4.1)
  - FastDevTools (0.0.1)

DEPENDENCIES:
  - Aspects (~> 1.4.1)
  - FastDevTools (~> 0.0.1)

SPEC REPOS:
  https://github.com/cocoapods/specs.git:
    - Aspects
    - FastDevTools

SPEC CHECKSUMS:
  Aspects: 7595ba96a6727a58ebcbfc954497fc5d2fdde546
  FastDevTools: 9d97c225bb07d247c96ce280df835da54f58e9bf

PODFILE CHECKSUM: dec4e44abedf6962f9da73f145a4a430fe3ea06e

COCOAPODS: 1.5.2
